
Microsoft Visual Studio Solution File, Format Version 12.00
# Visual Studio 15
VisualStudioVersion = 15.0.28010.2016
MinimumVisualStudioVersion = 10.0.40219.1
Project("{FAE04EC0-301F-11D3-BF4B-00C04F79EFBC}") = "BitTorrentEdu", "BitTorrentEdu.csproj", "{35CA8E24-576F-4AFF-B2A1-D1591BA3E521}"
EndProject
Project("{FAE04EC0-301F-11D3-BF4B-00C04F79EFBC}") = "Sockets", "..\Sockets\Sockets.csproj", "{9D4D2C77-936C-41F5-94AF-A790E19A3A35}"
EndProject
Project("{FAE04EC0-301F-11D3-BF4B-00C04F79EFBC}") = "Bencode", "Bencode\Bencode.csproj", "{2DBE606B-B0E1-4BBE-BCE6-FE0C9382462C}"
EndProject
Project("{FAE04EC0-301F-11D3-BF4B-00C04F79EFBC}") = "Utils", "..\Utils\Utils.csproj", "{4A4ED196-E61A-4541-A00C-2BB3D99905D9}"
EndProject
Project("{FAE04EC0-301F-11D3-BF4B-00C04F79EFBC}") = "BitTorrentConsoleApp", "..\BitTorrentConsoleApp\BitTorrentConsoleApp.csproj", "{59EE0A00-5E5A-4293-8F3E-FC6E1B6AC8C3}"
EndProject
Global
	GlobalSection(SolutionConfigurationPlatforms) = preSolution
		Debug|Any CPU = Debug|Any CPU
		Debug|ARM = Debug|ARM
		Debug|ARM64 = Debug|ARM64
		Debug|x64 = Debug|x64
		Debug|x86 = Debug|x86
		Release|Any CPU = Release|Any CPU
		Release|ARM = Release|ARM
		Release|ARM64 = Release|ARM64
		Release|x64 = Release|x64
		Release|x86 = Release|x86
	EndGlobalSection
	GlobalSection(ProjectConfigurationPlatforms) = postSolution
		{35CA8E24-576F-4AFF-B2A1-D1591BA3E521}.Debug|Any CPU.ActiveCfg = Debug|Any CPU
		{35CA8E24-576F-4AFF-B2A1-D1591BA3E521}.Debug|Any CPU.Build.0 = Debug|Any CPU
		{35CA8E24-576F-4AFF-B2A1-D1591BA3E521}.Debug|ARM.ActiveCfg = Debug|Any CPU
		{35CA8E24-576F-4AFF-B2A1-D1591BA3E521}.Debug|ARM.Build.0 = Debug|Any CPU
		{35CA8E24-576F-4AFF-B2A1-D1591BA3E521}.Debug|ARM64.ActiveCfg = Debug|Any CPU
		{35CA8E24-576F-4AFF-B2A1-D1591BA3E521}.Debug|ARM64.Build.0 = Debug|Any CPU
		{35CA8E24-576F-4AFF-B2A1-D1591BA3E521}.Debug|x64.ActiveCfg = Debug|Any CPU
		{35CA8E24-576F-4AFF-B2A1-D1591BA3E521}.Debug|x64.Build.0 = Debug|Any CPU
		{35CA8E24-576F-4AFF-B2A1-D1591BA3E521}.Debug|x86.ActiveCfg = Debug|Any CPU
		{35CA8E24-576F-4AFF-B2A1-D1591BA3E521}.Debug|x86.Build.0 = Debug|Any CPU
		{35CA8E24-576F-4AFF-B2A1-D1591BA3E521}.Release|Any CPU.ActiveCfg = Release|Any CPU
		{35CA8E24-576F-4AFF-B2A1-D1591BA3E521}.Release|Any CPU.Build.0 = Release|Any CPU
		{35CA8E24-576F-4AFF-B2A1-D1591BA3E521}.Release|ARM.ActiveCfg = Release|Any CPU
		{35CA8E24-576F-4AFF-B2A1-D1591BA3E521}.Release|ARM.Build.0 = Release|Any CPU
		{35CA8E24-576F-4AFF-B2A1-D1591BA3E521}.Release|ARM64.ActiveCfg = Release|Any CPU
		{35CA8E24-576F-4AFF-B2A1-D1591BA3E521}.Release|ARM64.Build.0 = Release|Any CPU
		{35CA8E24-576F-4AFF-B2A1-D1591BA3E521}.Release|x64.ActiveCfg = Release|Any CPU
		{35CA8E24-576F-4AFF-B2A1-D1591BA3E521}.Release|x64.Build.0 = Release|Any CPU
		{35CA8E24-576F-4AFF-B2A1-D1591BA3E521}.Release|x86.ActiveCfg = Release|Any CPU
		{35CA8E24-576F-4AFF-B2A1-D1591BA3E521}.Release|x86.Build.0 = Release|Any CPU
		{9D4D2C77-936C-41F5-94AF-A790E19A3A35}.Debug|Any CPU.ActiveCfg = Debug|Any CPU
		{9D4D2C77-936C-41F5-94AF-A790E19A3A35}.Debug|Any CPU.Build.0 = Debug|Any CPU
		{9D4D2C77-936C-41F5-94AF-A790E19A3A35}.Debug|ARM.ActiveCfg = Debug|Any CPU
		{9D4D2C77-936C-41F5-94AF-A790E19A3A35}.Debug|ARM.Build.0 = Debug|Any CPU
		{9D4D2C77-936C-41F5-94AF-A790E19A3A35}.Debug|ARM64.ActiveCfg = Debug|Any CPU
		{9D4D2C77-936C-41F5-94AF-A790E19A3A35}.Debug|ARM64.Build.0 = Debug|Any CPU
		{9D4D2C77-936C-41F5-94AF-A790E19A3A35}.Debug|x64.ActiveCfg = Debug|Any CPU
		{9D4D2C77-936C-41F5-94AF-A790E19A3A35}.Debug|x64.Build.0 = Debug|Any CPU
		{9D4D2C77-936C-41F5-94AF-A790E19A3A35}.Debug|x86.ActiveCfg = Debug|Any CPU
		{9D4D2C77-936C-41F5-94AF-A790E19A3A35}.Debug|x86.Build.0 = Debug|Any CPU
		{9D4D2C77-936C-41F5-94AF-A790E19A3A35}.Release|Any CPU.ActiveCfg = Release|Any CPU
		{9D4D2C77-936C-41F5-94AF-A790E19A3A35}.Release|Any CPU.Build.0 = Release|Any CPU
		{9D4D2C77-936C-41F5-94AF-A790E19A3A35}.Release|ARM.ActiveCfg = Release|Any CPU
		{9D4D2C77-936C-41F5-94AF-A790E19A3A35}.Release|ARM.Build.0 = Release|Any CPU
		{9D4D2C77-936C-41F5-94AF-A790E19A3A35}.Release|ARM64.ActiveCfg = Release|Any CPU
		{9D4D2C77-936C-41F5-94AF-A790E19A3A35}.Release|ARM64.Build.0 = Release|Any CPU
		{9D4D2C77-936C-41F5-94AF-A790E19A3A35}.Release|x64.ActiveCfg = Release|Any CPU
		{9D4D2C77-936C-41F5-94AF-A790E19A3A35}.Release|x64.Build.0 = Release|Any CPU
		{9D4D2C77-936C-41F5-94AF-A790E19A3A35}.Release|x86.ActiveCfg = Release|Any CPU
		{9D4D2C77-936C-41F5-94AF-A790E19A3A35}.Release|x86.Build.0 = Release|Any CPU
		{2DBE606B-B0E1-4BBE-BCE6-FE0C9382462C}.Debug|Any CPU.ActiveCfg = Debug|Any CPU
		{2DBE606B-B0E1-4BBE-BCE6-FE0C9382462C}.Debug|Any CPU.Build.0 = Debug|Any CPU
		{2DBE606B-B0E1-4BBE-BCE6-FE0C9382462C}.Debug|ARM.ActiveCfg = Debug|Any CPU
		{2DBE606B-B0E1-4BBE-BCE6-FE0C9382462C}.Debug|ARM.Build.0 = Debug|Any CPU
		{2DBE606B-B0E1-4BBE-BCE6-FE0C9382462C}.Debug|ARM64.ActiveCfg = Debug|Any CPU
		{2DBE606B-B0E1-4BBE-BCE6-FE0C9382462C}.Debug|ARM64.Build.0 = Debug|Any CPU
		{2DBE606B-B0E1-4BBE-BCE6-FE0C9382462C}.Debug|x64.ActiveCfg = Debug|Any CPU
		{2DBE606B-B0E1-4BBE-BCE6-FE0C9382462C}.Debug|x64.Build.0 = Debug|Any CPU
		{2DBE606B-B0E1-4BBE-BCE6-FE0C9382462C}.Debug|x86.ActiveCfg = Debug|Any CPU
		{2DBE606B-B0E1-4BBE-BCE6-FE0C9382462C}.Debug|x86.Build.0 = Debug|Any CPU
		{2DBE606B-B0E1-4BBE-BCE6-FE0C9382462C}.Release|Any CPU.ActiveCfg = Release|Any CPU
		{2DBE606B-B0E1-4BBE-BCE6-FE0C9382462C}.Release|Any CPU.Build.0 = Release|Any CPU
		{2DBE606B-B0E1-4BBE-BCE6-FE0C9382462C}.Release|ARM.ActiveCfg = Release|Any CPU
		{2DBE606B-B0E1-4BBE-BCE6-FE0C9382462C}.Release|ARM.Build.0 = Release|Any CPU
		{2DBE606B-B0E1-4BBE-BCE6-FE0C9382462C}.Release|ARM64.ActiveCfg = Release|Any CPU
		{2DBE606B-B0E1-4BBE-BCE6-FE0C9382462C}.Release|ARM64.Build.0 = Release|Any CPU
		{2DBE606B-B0E1-4BBE-BCE6-FE0C9382462C}.Release|x64.ActiveCfg = Release|Any CPU
		{2DBE606B-B0E1-4BBE-BCE6-FE0C9382462C}.Release|x64.Build.0 = Release|Any CPU
		{2DBE606B-B0E1-4BBE-BCE6-FE0C9382462C}.Release|x86.ActiveCfg = Release|Any CPU
		{2DBE606B-B0E1-4BBE-BCE6-FE0C9382462C}.Release|x86.Build.0 = Release|Any CPU
		{4A4ED196-E61A-4541-A00C-2BB3D99905D9}.Debug|Any CPU.ActiveCfg = Debug|Any CPU
		{4A4ED196-E61A-4541-A00C-2BB3D99905D9}.Debug|Any CPU.Build.0 = Debug|Any CPU
		{4A4ED196-E61A-4541-A00C-2BB3D99905D9}.Debug|ARM.ActiveCfg = Debug|Any CPU
		{4A4ED196-E61A-4541-A00C-2BB3D99905D9}.Debug|ARM.Build.0 = Debug|Any CPU
		{4A4ED196-E61A-4541-A00C-2BB3D99905D9}.Debug|ARM64.ActiveCfg = Debug|Any CPU
		{4A4ED196-E61A-4541-A00C-2BB3D99905D9}.Debug|ARM64.Build.0 = Debug|Any CPU
		{4A4ED196-E61A-4541-A00C-2BB3D99905D9}.Debug|x64.ActiveCfg = Debug|Any CPU
		{4A4ED196-E61A-4541-A00C-2BB3D99905D9}.Debug|x64.Build.0 = Debug|Any CPU
		{4A4ED196-E61A-4541-A00C-2BB3D99905D9}.Debug|x86.ActiveCfg = Debug|Any CPU
		{4A4ED196-E61A-4541-A00C-2BB3D99905D9}.Debug|x86.Build.0 = Debug|Any CPU
		{4A4ED196-E61A-4541-A00C-2BB3D99905D9}.Release|Any CPU.ActiveCfg = Release|Any CPU
		{4A4ED196-E61A-4541-A00C-2BB3D99905D9}.Release|Any CPU.Build.0 = Release|Any CPU
		{4A4ED196-E61A-4541-A00C-2BB3D99905D9}.Release|ARM.ActiveCfg = Release|Any CPU
		{4A4ED196-E61A-4541-A00C-2BB3D99905D9}.Release|ARM.Build.0 = Release|Any CPU
		{4A4ED196-E61A-4541-A00C-2BB3D99905D9}.Release|ARM64.ActiveCfg = Release|Any CPU
		{4A4ED196-E61A-4541-A00C-2BB3D99905D9}.Release|ARM64.Build.0 = Release|Any CPU
		{4A4ED196-E61A-4541-A00C-2BB3D99905D9}.Release|x64.ActiveCfg = Release|Any CPU
		{4A4ED196-E61A-4541-A00C-2BB3D99905D9}.Release|x64.Build.0 = Release|Any CPU
		{4A4ED196-E61A-4541-A00C-2BB3D99905D9}.Release|x86.ActiveCfg = Release|Any CPU
		{4A4ED196-E61A-4541-A00C-2BB3D99905D9}.Release|x86.Build.0 = Release|Any CPU
		{59EE0A00-5E5A-4293-8F3E-FC6E1B6AC8C3}.Debug|Any CPU.ActiveCfg = Debug|Any CPU
		{59EE0A00-5E5A-4293-8F3E-FC6E1B6AC8C3}.Debug|Any CPU.Build.0 = Debug|Any CPU
		{59EE0A00-5E5A-4293-8F3E-FC6E1B6AC8C3}.Debug|ARM.ActiveCfg = Debug|Any CPU
		{59EE0A00-5E5A-4293-8F3E-FC6E1B6AC8C3}.Debug|ARM.Build.0 = Debug|Any CPU
		{59EE0A00-5E5A-4293-8F3E-FC6E1B6AC8C3}.Debug|ARM64.ActiveCfg = Debug|Any CPU
		{59EE0A00-5E5A-4293-8F3E-FC6E1B6AC8C3}.Debug|ARM64.Build.0 = Debug|Any CPU
		{59EE0A00-5E5A-4293-8F3E-FC6E1B6AC8C3}.Debug|x64.ActiveCfg = Debug|Any CPU
		{59EE0A00-5E5A-4293-8F3E-FC6E1B6AC8C3}.Debug|x64.Build.0 = Debug|Any CPU
		{59EE0A00-5E5A-4293-8F3E-FC6E1B6AC8C3}.Debug|x86.ActiveCfg = Debug|Any CPU
		{59EE0A00-5E5A-4293-8F3E-FC6E1B6AC8C3}.Debug|x86.Build.0 = Debug|Any CPU
		{59EE0A00-5E5A-4293-8F3E-FC6E1B6AC8C3}.Release|Any CPU.ActiveCfg = Release|Any CPU
		{59EE0A00-5E5A-4293-8F3E-FC6E1B6AC8C3}.Release|Any CPU.Build.0 = Release|Any CPU
		{59EE0A00-5E5A-4293-8F3E-FC6E1B6AC8C3}.Release|ARM.ActiveCfg = Release|Any CPU
		{59EE0A00-5E5A-4293-8F3E-FC6E1B6AC8C3}.Release|ARM.Build.0 = Release|Any CPU
		{59EE0A00-5E5A-4293-8F3E-FC6E1B6AC8C3}.Release|ARM64.ActiveCfg = Release|Any CPU
		{59EE0A00-5E5A-4293-8F3E-FC6E1B6AC8C3}.Release|ARM64.Build.0 = Release|Any CPU
		{59EE0A00-5E5A-4293-8F3E-FC6E1B6AC8C3}.Release|x64.ActiveCfg = Release|Any CPU
		{59EE0A00-5E5A-4293-8F3E-FC6E1B6AC8C3}.Release|x64.Build.0 = Release|Any CPU
		{59EE0A00-5E5A-4293-8F3E-FC6E1B6AC8C3}.Release|x86.ActiveCfg = Release|Any CPU
		{59EE0A00-5E5A-4293-8F3E-FC6E1B6AC8C3}.Release|x86.Build.0 = Release|Any CPU
	EndGlobalSection
	GlobalSection(SolutionProperties) = preSolution
		HideSolutionNode = FALSE
	EndGlobalSection
	GlobalSection(ExtensibilityGlobals) = postSolution
		SolutionGuid = {BB095F12-B967-4518-B438-B96479273608}
	EndGlobalSection
EndGlobal
