
Microsoft Visual Studio Solution File, Format Version 12.00
# Visual Studio 15
VisualStudioVersion = 15.0.28010.2016
MinimumVisualStudioVersion = 10.0.40219.1
Project("{FAE04EC0-301F-11D3-BF4B-00C04F79EFBC}") = "BitTorrentEdu", "BitTorrentEdu.csproj", "{35CA8E24-576F-4AFF-B2A1-D1591BA3E521}"
EndProject
Global
	GlobalSection(SolutionConfigurationPlatforms) = preSolution
		Debug|Any CPU = Debug|Any CPU
		Release|Any CPU = Release|Any CPU
	EndGlobalSection
	GlobalSection(ProjectConfigurationPlatforms) = postSolution
		{35CA8E24-576F-4AFF-B2A1-D1591BA3E521}.Debug|Any CPU.ActiveCfg = Debug|Any CPU
		{35CA8E24-576F-4AFF-B2A1-D1591BA3E521}.Debug|Any CPU.Build.0 = Debug|Any CPU
		{35CA8E24-576F-4AFF-B2A1-D1591BA3E521}.Release|Any CPU.ActiveCfg = Release|Any CPU
		{35CA8E24-576F-4AFF-B2A1-D1591BA3E521}.Release|Any CPU.Build.0 = Release|Any CPU
	EndGlobalSection
	GlobalSection(SolutionProperties) = preSolution
		HideSolutionNode = FALSE
	EndGlobalSection
	GlobalSection(ExtensibilityGlobals) = postSolution
		SolutionGuid = {BB095F12-B967-4518-B438-B96479273608}
	EndGlobalSection
EndGlobal
